
Microsoft Visual Studio Solution File, Format Version 12.00
# Visual Studio Version 16
VisualStudioVersion = 16.0.30804.86
MinimumVisualStudioVersion = 10.0.40219.1
Project("{9A19103F-16F7-4668-BE54-9A1E7A4F7556}") = "thinkbridgeAssignment", "thinkbridgeAssignment\thinkbridgeAssignment.csproj", "{411B5AD9-EA25-43CD-AA1D-5D86E4B50105}"
EndProject
Project("{FAE04EC0-301F-11D3-BF4B-00C04F79EFBC}") = "CoreServiceTest", "CoreServiceTest\CoreServiceTest.csproj", "{785E94F9-3268-4F5B-BA64-1AC78EA5550A}"
EndProject
Global
	GlobalSection(SolutionConfigurationPlatforms) = preSolution
		Debug|Any CPU = Debug|Any CPU
		Release|Any CPU = Release|Any CPU
	EndGlobalSection
	GlobalSection(ProjectConfigurationPlatforms) = postSolution
		{411B5AD9-EA25-43CD-AA1D-5D86E4B50105}.Debug|Any CPU.ActiveCfg = Debug|Any CPU
		{411B5AD9-EA25-43CD-AA1D-5D86E4B50105}.Debug|Any CPU.Build.0 = Debug|Any CPU
		{411B5AD9-EA25-43CD-AA1D-5D86E4B50105}.Release|Any CPU.ActiveCfg = Release|Any CPU
		{411B5AD9-EA25-43CD-AA1D-5D86E4B50105}.Release|Any CPU.Build.0 = Release|Any CPU
		{785E94F9-3268-4F5B-BA64-1AC78EA5550A}.Debug|Any CPU.ActiveCfg = Debug|Any CPU
		{785E94F9-3268-4F5B-BA64-1AC78EA5550A}.Debug|Any CPU.Build.0 = Debug|Any CPU
		{785E94F9-3268-4F5B-BA64-1AC78EA5550A}.Release|Any CPU.ActiveCfg = Release|Any CPU
		{785E94F9-3268-4F5B-BA64-1AC78EA5550A}.Release|Any CPU.Build.0 = Release|Any CPU
	EndGlobalSection
	GlobalSection(SolutionProperties) = preSolution
		HideSolutionNode = FALSE
	EndGlobalSection
	GlobalSection(ExtensibilityGlobals) = postSolution
		SolutionGuid = {82D6420C-42B6-492A-9397-B9E343D26288}
	EndGlobalSection
EndGlobal
